github.com/LinMAD/Snap v0.0.1 h1:xThqZt+q/106HdIYSA8u2R1533hxEJ3sE1RoJu5cCR0=
github.com/LinMAD/Snap v0.0.1/go.mod h1:pPZDjokwMN0C2z0jhuwDAeWXWDise76PhU47fSHNIfs=
github.com/veandco/go-sdl2 v0.4.8 h1:A26KeX6R1CGt/BQGEov6oxYmVGMMEWDVqTvK1tXvahE=
github.com/veandco/go-sdl2 v0.4.8/go.mod h1:OROqMhHD43nT4/i9crJukyVecjPNYYuCofep6SNiAjY=
